
Microsoft Visual Studio Solution File, Format Version 12.00
# Visual Studio Version 17
VisualStudioVersion = 17.4.33213.308
MinimumVisualStudioVersion = 10.0.40219.1
Project("{FAE04EC0-301F-11D3-BF4B-00C04F79EFBC}") = "ProgramW3", "ProgramW3\ProgramW3.csproj", "{64505EB5-8F40-42C1-9595-8D867FE1B343}"
EndProject
Global
	GlobalSection(SolutionConfigurationPlatforms) = preSolution
		Debug|Any CPU = Debug|Any CPU
		Release|Any CPU = Release|Any CPU
	EndGlobalSection
	GlobalSection(ProjectConfigurationPlatforms) = postSolution
		{64505EB5-8F40-42C1-9595-8D867FE1B343}.Debug|Any CPU.ActiveCfg = Debug|Any CPU
		{64505EB5-8F40-42C1-9595-8D867FE1B343}.Debug|Any CPU.Build.0 = Debug|Any CPU
		{64505EB5-8F40-42C1-9595-8D867FE1B343}.Release|Any CPU.ActiveCfg = Release|Any CPU
		{64505EB5-8F40-42C1-9595-8D867FE1B343}.Release|Any CPU.Build.0 = Release|Any CPU
	EndGlobalSection
	GlobalSection(SolutionProperties) = preSolution
		HideSolutionNode = FALSE
	EndGlobalSection
	GlobalSection(ExtensibilityGlobals) = postSolution
		SolutionGuid = {4DE187D4-D23B-46F1-988F-013692BDD2EC}
	EndGlobalSection
EndGlobal
